// !$*UTF8*$!
{
	archiveVersion = 1;
	classes = {
	};
	objectVersion = 77;
	objects = {

/* Begin PBXBuildFile section */
		575D0E032EAABB9A00E15142 /* Alamofire in Frameworks */ = {isa = PBXBuildFile; productRef = 575D0E022EAABB9A00E15142 /* Alamofire */; };
		57EFD5CF2EAEA68100B8F65A /* CharacterModel.xcdatamodeld in Sources */ = {isa = PBXBuildFile; fileRef = 57EFD5CD2EAEA68100B8F65A /* CharacterModel.xcdatamodeld */; };
/* End PBXBuildFile section */

/* Begin PBXContainerItemProxy section */
		573C0CE42EAAAE04001FC773 /* PBXContainerItemProxy */ = {
			isa = PBXContainerItemProxy;
			containerPortal = 573C0CCE2EAAAE01001FC773 /* Project object */;
			proxyType = 1;
			remoteGlobalIDString = 573C0CD52EAAAE01001FC773;
			remoteInfo = RickAndMortyTechTest;
		};
		573C0CEE2EAAAE04001FC773 /* PBXContainerItemProxy */ = {
			isa = PBXContainerItemProxy;
			containerPortal = 573C0CCE2EAAAE01001FC773 /* Project object */;
			proxyType = 1;
			remoteGlobalIDString = 573C0CD52EAAAE01001FC773;
			remoteInfo = RickAndMortyTechTest;
		};
/* End PBXContainerItemProxy section */

/* Begin PBXFileReference section */
		573C0CD62EAAAE01001FC773 /* RickAndMortyTechTest.app */ = {isa = PBXFileReference; explicitFileType = wrapper.application; includeInIndex = 0; path = RickAndMortyTechTest.app; sourceTree = BUILT_PRODUCTS_DIR; };
		573C0CE32EAAAE04001FC773 /* RickAndMortyTechTestTests.xctest */ = {isa = PBXFileReference; explicitFileType = wrapper.cfbundle; includeInIndex = 0; path = RickAndMortyTechTestTests.xctest; sourceTree = BUILT_PRODUCTS_DIR; };
		573C0CED2EAAAE04001FC773 /* RickAndMortyTechTestUITests.xctest */ = {isa = PBXFileReference; explicitFileType = wrapper.cfbundle; includeInIndex = 0; path = RickAndMortyTechTestUITests.xctest; sourceTree = BUILT_PRODUCTS_DIR; };
		57EFD5CE2EAEA68100B8F65A /* CharacterModel.xcdatamodel */ = {isa = PBXFileReference; lastKnownFileType = wrapper.xcdatamodel; path = CharacterModel.xcdatamodel; sourceTree = "<group>"; };
/* End PBXFileReference section */

/* Begin PBXFileSystemSynchronizedBuildFileExceptionSet section */
		5777A2BF2EADC62A003A85AF /* Exceptions for "RickAndMortyTechTest" folder in "RickAndMortyTechTest" target */ = {
			isa = PBXFileSystemSynchronizedBuildFileExceptionSet;
			membershipExceptions = (
				Info.plist,
			);
			target = 573C0CD52EAAAE01001FC773 /* RickAndMortyTechTest */;
		};
/* End PBXFileSystemSynchronizedBuildFileExceptionSet section */

/* Begin PBXFileSystemSynchronizedRootGroup section */
		573C0CD82EAAAE01001FC773 /* RickAndMortyTechTest */ = {
			isa = PBXFileSystemSynchronizedRootGroup;
			exceptions = (
				5777A2BF2EADC62A003A85AF /* Exceptions for "RickAndMortyTechTest" folder in "RickAndMortyTechTest" target */,
			);
			path = RickAndMortyTechTest;
			sourceTree = "<group>";
		};
		573C0CE62EAAAE04001FC773 /* RickAndMortyTechTestTests */ = {
			isa = PBXFileSystemSynchronizedRootGroup;
			path = RickAndMortyTechTestTests;
			sourceTree = "<group>";
		};
		573C0CF02EAAAE04001FC773 /* RickAndMortyTechTestUITests */ = {
			isa = PBXFileSystemSynchronizedRootGroup;
			path = RickAndMortyTechTestUITests;
			sourceTree = "<group>";
		};
/* End PBXFileSystemSynchronizedRootGroup section */

/* Begin PBXFrameworksBuildPhase section */
		573C0CD32EAAAE01001FC773 /* Frameworks */ = {
			isa = PBXFrameworksBuildPhase;
			buildActionMask = 2147483647;
			files = (
				575D0E032EAABB9A00E15142 /* Alamofire in Frameworks */,
			);
			runOnlyForDeploymentPostprocessing = 0;
		};
		573C0CE02EAAAE04001FC773 /* Frameworks */ = {
			isa = PBXFrameworksBuildPhase;
			buildActionMask = 2147483647;
			files = (
			);
			runOnlyForDeploymentPostprocessing = 0;
		};
		573C0CEA2EAAAE04001FC773 /* Frameworks */ = {
			isa = PBXFrameworksBuildPhase;
			buildActionMask = 2147483647;
			files = (
			);
			runOnlyForDeploymentPostprocessing = 0;
		};
/* End PBXFrameworksBuildPhase section */

/* Begin PBXGroup section */
		573C0CCD2EAAAE01001FC773 = {
			isa = PBXGroup;
			children = (
				57EFD5CD2EAEA68100B8F65A /* CharacterModel.xcdatamodeld */,
				573C0CD82EAAAE01001FC773 /* RickAndMortyTechTest */,
				573C0CE62EAAAE04001FC773 /* RickAndMortyTechTestTests */,
				573C0CF02EAAAE04001FC773 /* RickAndMortyTechTestUITests */,
				573C0CD72EAAAE01001FC773 /* Products */,
			);
			sourceTree = "<group>";
		};
		573C0CD72EAAAE01001FC773 /* Products */ = {
			isa = PBXGroup;
			children = (
				573C0CD62EAAAE01001FC773 /* RickAndMortyTechTest.app */,
				573C0CE32EAAAE04001FC773 /* RickAndMortyTechTestTests.xctest */,
				573C0CED2EAAAE04001FC773 /* RickAndMortyTechTestUITests.xctest */,
			);
			name = Products;
			sourceTree = "<group>";
		};
/* End PBXGroup section */

/* Begin PBXNativeTarget section */
		573C0CD52EAAAE01001FC773 /* RickAndMortyTechTest */ = {
			isa = PBXNativeTarget;
			buildConfigurationList = 573C0CF72EAAAE04001FC773 /* Build configuration list for PBXNativeTarget "RickAndMortyTechTest" */;
			buildPhases = (
				573C0CD22EAAAE01001FC773 /* Sources */,
				573C0CD32EAAAE01001FC773 /* Frameworks */,
				573C0CD42EAAAE01001FC773 /* Resources */,
			);
			buildRules = (
			);
			dependencies = (
			);
			fileSystemSynchronizedGroups = (
				573C0CD82EAAAE01001FC773 /* RickAndMortyTechTest */,
			);
			name = RickAndMortyTechTest;
			packageProductDependencies = (
				575D0E022EAABB9A00E15142 /* Alamofire */,
			);
			productName = RickAndMortyTechTest;
			productReference = 573C0CD62EAAAE01001FC773 /* RickAndMortyTechTest.app */;
			productType = "com.apple.product-type.application";
		};
		573C0CE22EAAAE04001FC773 /* RickAndMortyTechTestTests */ = {
			isa = PBXNativeTarget;
			buildConfigurationList = 573C0CFA2EAAAE04001FC773 /* Build configuration list for PBXNativeTarget "RickAndMortyTechTestTests" */;
			buildPhases = (
				573C0CDF2EAAAE04001FC773 /* Sources */,
				573C0CE02EAAAE04001FC773 /* Frameworks */,
				573C0CE12EAAAE04001FC773 /* Resources */,
			);
			buildRules = (
			);
			dependencies = (
				573C0CE52EAAAE04001FC773 /* PBXTargetDependency */,
			);
			fileSystemSynchronizedGroups = (
				573C0CE62EAAAE04001FC773 /* RickAndMortyTechTestTests */,
			);
			name = RickAndMortyTechTestTests;
			packageProductDependencies = (
			);
			productName = RickAndMortyTechTestTests;
			productReference = 573C0CE32EAAAE04001FC773 /* RickAndMortyTechTestTests.xctest */;
			productType = "com.apple.product-type.bundle.unit-test";
		};
		573C0CEC2EAAAE04001FC773 /* RickAndMortyTechTestUITests */ = {
			isa = PBXNativeTarget;
			buildConfigurationList = 573C0CFD2EAAAE04001FC773 /* Build configuration list for PBXNativeTarget "RickAndMortyTechTestUITests" */;
			buildPhases = (
				573C0CE92EAAAE04001FC773 /* Sources */,
				573C0CEA2EAAAE04001FC773 /* Frameworks */,
				573C0CEB2EAAAE04001FC773 /* Resources */,
			);
			buildRules = (
			);
			dependencies = (
				573C0CEF2EAAAE04001FC773 /* PBXTargetDependency */,
			);
			fileSystemSynchronizedGroups = (
				573C0CF02EAAAE04001FC773 /* RickAndMortyTechTestUITests */,
			);
			name = RickAndMortyTechTestUITests;
			packageProductDependencies = (
			);
			productName = RickAndMortyTechTestUITests;
			productReference = 573C0CED2EAAAE04001FC773 /* RickAndMortyTechTestUITests.xctest */;
			productType = "com.apple.product-type.bundle.ui-testing";
		};
/* End PBXNativeTarget section */

/* Begin PBXProject section */
		573C0CCE2EAAAE01001FC773 /* Project object */ = {
			isa = PBXProject;
			attributes = {
				BuildIndependentTargetsInParallel = 1;
				LastSwiftUpdateCheck = 2600;
				LastUpgradeCheck = 2600;
				TargetAttributes = {
					573C0CD52EAAAE01001FC773 = {
						CreatedOnToolsVersion = 26.0.1;
					};
					573C0CE22EAAAE04001FC773 = {
						CreatedOnToolsVersion = 26.0.1;
						TestTargetID = 573C0CD52EAAAE01001FC773;
					};
					573C0CEC2EAAAE04001FC773 = {
						CreatedOnToolsVersion = 26.0.1;
						TestTargetID = 573C0CD52EAAAE01001FC773;
					};
				};
			};
			buildConfigurationList = 573C0CD12EAAAE01001FC773 /* Build configuration list for PBXProject "RickAndMortyTechTest" */;
			developmentRegion = en;
			hasScannedForEncodings = 0;
			knownRegions = (
				en,
				Base,
			);
			mainGroup = 573C0CCD2EAAAE01001FC773;
			minimizedProjectReferenceProxies = 1;
			packageReferences = (
				575D0E012EAABB9A00E15142 /* XCRemoteSwiftPackageReference "Alamofire" */,
			);
			preferredProjectObjectVersion = 77;
			productRefGroup = 573C0CD72EAAAE01001FC773 /* Products */;
			projectDirPath = "";
			projectRoot = "";
			targets = (
				573C0CD52EAAAE01001FC773 /* RickAndMortyTechTest */,
				573C0CE22EAAAE04001FC773 /* RickAndMortyTechTestTests */,
				573C0CEC2EAAAE04001FC773 /* RickAndMortyTechTestUITests */,
			);
		};
/* End PBXProject section */

/* Begin PBXResourcesBuildPhase section */
		573C0CD42EAAAE01001FC773 /* Resources */ = {
			isa = PBXResourcesBuildPhase;
			buildActionMask = 2147483647;
			files = (
			);
			runOnlyForDeploymentPostprocessing = 0;
		};
		573C0CE12EAAAE04001FC773 /* Resources */ = {
			isa = PBXResourcesBuildPhase;
			buildActionMask = 2147483647;
			files = (
			);
			runOnlyForDeploymentPostprocessing = 0;
		};
		573C0CEB2EAAAE04001FC773 /* Resources */ = {
			isa = PBXResourcesBuildPhase;
			buildActionMask = 2147483647;
			files = (
			);
			runOnlyForDeploymentPostprocessing = 0;
		};
/* End PBXResourcesBuildPhase section */

/* Begin PBXSourcesBuildPhase section */
		573C0CD22EAAAE01001FC773 /* Sources */ = {
			isa = PBXSourcesBuildPhase;
			buildActionMask = 2147483647;
			files = (
				57EFD5CF2EAEA68100B8F65A /* CharacterModel.xcdatamodeld in Sources */,
			);
			runOnlyForDeploymentPostprocessing = 0;
		};
		573C0CDF2EAAAE04001FC773 /* Sources */ = {
			isa = PBXSourcesBuildPhase;
			buildActionMask = 2147483647;
			files = (
			);
			runOnlyForDeploymentPostprocessing = 0;
		};
		573C0CE92EAAAE04001FC773 /* Sources */ = {
			isa = PBXSourcesBuildPhase;
			buildActionMask = 2147483647;
			files = (
			);
			runOnlyForDeploymentPostprocessing = 0;
		};
/* End PBXSourcesBuildPhase section */

/* Begin PBXTargetDependency section */
		573C0CE52EAAAE04001FC773 /* PBXTargetDependency */ = {
			isa = PBXTargetDependency;
			target = 573C0CD52EAAAE01001FC773 /* RickAndMortyTechTest */;
			targetProxy = 573C0CE42EAAAE04001FC773 /* PBXContainerItemProxy */;
		};
		573C0CEF2EAAAE04001FC773 /* PBXTargetDependency */ = {
			isa = PBXTargetDependency;
			target = 573C0CD52EAAAE01001FC773 /* RickAndMortyTechTest */;
			targetProxy = 573C0CEE2EAAAE04001FC773 /* PBXContainerItemProxy */;
		};
/* End PBXTargetDependency section */

/* Begin XCBuildConfiguration section */
		573C0CF52EAAAE04001FC773 /* Debug */ = {
			isa = XCBuildConfiguration;
			buildSettings = {
				ALWAYS_SEARCH_USER_PATHS = NO;
				ASSETCATALOG_COMPILER_GENERATE_SWIFT_ASSET_SYMBOL_EXTENSIONS = YES;
				CLANG_ANALYZER_NONNULL = YES;
				CLANG_ANALYZER_NUMBER_OBJECT_CONVERSION = YES_AGGRESSIVE;
				CLANG_CXX_LANGUAGE_STANDARD = "gnu++20";
				CLANG_ENABLE_MODULES = YES;
				CLANG_ENABLE_OBJC_ARC = YES;
				CLANG_ENABLE_OBJC_WEAK = YES;
				CLANG_WARN_BLOCK_CAPTURE_AUTORELEASING = YES;
				CLANG_WARN_BOOL_CONVERSION = YES;
				CLANG_WARN_COMMA = YES;
				CLANG_WARN_CONSTANT_CONVERSION = YES;
				CLANG_WARN_DEPRECATED_OBJC_IMPLEMENTATIONS = YES;
				CLANG_WARN_DIRECT_OBJC_ISA_USAGE = YES_ERROR;
				CLANG_WARN_DOCUMENTATION_COMMENTS = YES;
				CLANG_WARN_EMPTY_BODY = YES;
				CLANG_WARN_ENUM_CONVERSION = YES;
				CLANG_WARN_INFINITE_RECURSION = YES;
				CLANG_WARN_INT_CONVERSION = YES;
				CLANG_WARN_NON_LITERAL_NULL_CONVERSION = YES;
				CLANG_WARN_OBJC_IMPLICIT_RETAIN_SELF = YES;
				CLANG_WARN_OBJC_LITERAL_CONVERSION = YES;
				CLANG_WARN_OBJC_ROOT_CLASS = YES_ERROR;
				CLANG_WARN_QUOTED_INCLUDE_IN_FRAMEWORK_HEADER = YES;
				CLANG_WARN_RANGE_LOOP_ANALYSIS = YES;
				CLANG_WARN_STRICT_PROTOTYPES = YES;
				CLANG_WARN_SUSPICIOUS_MOVE = YES;
				CLANG_WARN_UNGUARDED_AVAILABILITY = YES_AGGRESSIVE;
				CLANG_WARN_UNREACHABLE_CODE = YES;
				CLANG_WARN__DUPLICATE_METHOD_MATCH = YES;
				COPY_PHASE_STRIP = NO;
				DEBUG_INFORMATION_FORMAT = dwarf;
				ENABLE_STRICT_OBJC_MSGSEND = YES;
				ENABLE_TESTABILITY = YES;
				ENABLE_USER_SCRIPT_SANDBOXING = YES;
				GCC_C_LANGUAGE_STANDARD = gnu17;
				GCC_DYNAMIC_NO_PIC = NO;
				GCC_NO_COMMON_BLOCKS = YES;
				GCC_OPTIMIZATION_LEVEL = 0;
				GCC_PREPROCESSOR_DEFINITIONS = (
					"DEBUG=1",
					"$(inherited)",
				);
				GCC_WARN_64_TO_32_BIT_CONVERSION = YES;
				GCC_WARN_ABOUT_RETURN_TYPE = YES_ERROR;
				GCC_WARN_UNDECLARED_SELECTOR = YES;
				GCC_WARN_UNINITIALIZED_AUTOS = YES_AGGRESSIVE;
				GCC_WARN_UNUSED_FUNCTION = YES;
				GCC_WARN_UNUSED_VARIABLE = YES;
				IPHONEOS_DEPLOYMENT_TARGET = 26.0;
				LOCALIZATION_PREFERS_STRING_CATALOGS = YES;
				MTL_ENABLE_DEBUG_INFO = INCLUDE_SOURCE;
				MTL_FAST_MATH = YES;
				ONLY_ACTIVE_ARCH = YES;
				SDKROOT = iphoneos;
				SWIFT_ACTIVE_COMPILATION_CONDITIONS = "DEBUG $(inherited)";
				SWIFT_OPTIMIZATION_LEVEL = "-Onone";
			};
			name = Debug;
		};
		573C0CF62EAAAE04001FC773 /* Release */ = {
			isa = XCBuildConfiguration;
			buildSettings = {
				ALWAYS_SEARCH_USER_PATHS = NO;
				ASSETCATALOG_COMPILER_GENERATE_SWIFT_ASSET_SYMBOL_EXTENSIONS = YES;
				CLANG_ANALYZER_NONNULL = YES;
				CLANG_ANALYZER_NUMBER_OBJECT_CONVERSION = YES_AGGRESSIVE;
				CLANG_CXX_LANGUAGE_STANDARD = "gnu++20";
				CLANG_ENABLE_MODULES = YES;
				CLANG_ENABLE_OBJC_ARC = YES;
				CLANG_ENABLE_OBJC_WEAK = YES;
				CLANG_WARN_BLOCK_CAPTURE_AUTORELEASING = YES;
				CLANG_WARN_BOOL_CONVERSION = YES;
				CLANG_WARN_COMMA = YES;
				CLANG_WARN_CONSTANT_CONVERSION = YES;
				CLANG_WARN_DEPRECATED_OBJC_IMPLEMENTATIONS = YES;
				CLANG_WARN_DIRECT_OBJC_ISA_USAGE = YES_ERROR;
				CLANG_WARN_DOCUMENTATION_COMMENTS = YES;
				CLANG_WARN_EMPTY_BODY = YES;
				CLANG_WARN_ENUM_CONVERSION = YES;
				CLANG_WARN_INFINITE_RECURSION = YES;
				CLANG_WARN_INT_CONVERSION = YES;
				CLANG_WARN_NON_LITERAL_NULL_CONVERSION = YES;
				CLANG_WARN_OBJC_IMPLICIT_RETAIN_SELF = YES;
				CLANG_WARN_OBJC_LITERAL_CONVERSION = YES;
				CLANG_WARN_OBJC_ROOT_CLASS = YES_ERROR;
				CLANG_WARN_QUOTED_INCLUDE_IN_FRAMEWORK_HEADER = YES;
				CLANG_WARN_RANGE_LOOP_ANALYSIS = YES;
				CLANG_WARN_STRICT_PROTOTYPES = YES;
				CLANG_WARN_SUSPICIOUS_MOVE = YES;
				CLANG_WARN_UNGUARDED_AVAILABILITY = YES_AGGRESSIVE;
				CLANG_WARN_UNREACHABLE_CODE = YES;
				CLANG_WARN__DUPLICATE_METHOD_MATCH = YES;
				COPY_PHASE_STRIP = NO;
				DEBUG_INFORMATION_FORMAT = "dwarf-with-dsym";
				ENABLE_NS_ASSERTIONS = NO;
				ENABLE_STRICT_OBJC_MSGSEND = YES;
				ENABLE_USER_SCRIPT_SANDBOXING = YES;
				GCC_C_LANGUAGE_STANDARD = gnu17;
				GCC_NO_COMMON_BLOCKS = YES;
				GCC_WARN_64_TO_32_BIT_CONVERSION = YES;
				GCC_WARN_ABOUT_RETURN_TYPE = YES_ERROR;
				GCC_WARN_UNDECLARED_SELECTOR = YES;
				GCC_WARN_UNINITIALIZED_AUTOS = YES_AGGRESSIVE;
				GCC_WARN_UNUSED_FUNCTION = YES;
				GCC_WARN_UNUSED_VARIABLE = YES;
				IPHONEOS_DEPLOYMENT_TARGET = 26.0;
				LOCALIZATION_PREFERS_STRING_CATALOGS = YES;
				MTL_ENABLE_DEBUG_INFO = NO;
				MTL_FAST_MATH = YES;
				SDKROOT = iphoneos;
				SWIFT_COMPILATION_MODE = wholemodule;
				VALIDATE_PRODUCT = YES;
			};
			name = Release;
		};
		573C0CF82EAAAE04001FC773 /* Debug */ = {
			isa = XCBuildConfiguration;
			buildSettings = {
				ASSETCATALOG_COMPILER_APPICON_NAME = AppIcon;
				ASSETCATALOG_COMPILER_GLOBAL_ACCENT_COLOR_NAME = AccentColor;
				CODE_SIGN_STYLE = Automatic;
				CURRENT_PROJECT_VERSION = 1;
				ENABLE_PREVIEWS = YES;
				GENERATE_INFOPLIST_FILE = YES;
				INFOPLIST_FILE = RickAndMortyTechTest/Info.plist;
				INFOPLIST_KEY_CFBundleDisplayName = Ramapi;
				INFOPLIST_KEY_LSApplicationCategoryType = "public.app-category.entertainment";
				INFOPLIST_KEY_UIApplicationSceneManifest_Generation = YES;
				INFOPLIST_KEY_UIApplicationSupportsIndirectInputEvents = YES;
				INFOPLIST_KEY_UILaunchScreen_Generation = YES;
				INFOPLIST_KEY_UISupportedInterfaceOrientations = UIInterfaceOrientationPortrait;
				INFOPLIST_KEY_UISupportedInterfaceOrientations_iPad = "UIInterfaceOrientationLandscapeLeft UIInterfaceOrientationLandscapeRight UIInterfaceOrientationPortrait UIInterfaceOrientationPortraitUpsideDown";
				IPHONEOS_DEPLOYMENT_TARGET = 17.6;
				LD_RUNPATH_SEARCH_PATHS = (
					"$(inherited)",
					"@executable_path/Frameworks",
				);
				MARKETING_VERSION = 1.0;
				PRODUCT_BUNDLE_IDENTIFIER = com.mx.juandigarcia.RickAndMortyTechTest;
				PRODUCT_NAME = "$(TARGET_NAME)";
				STRING_CATALOG_GENERATE_SYMBOLS = YES;
				SUPPORTED_PLATFORMS = "iphoneos iphonesimulator";
				SUPPORTS_MACCATALYST = NO;
				SUPPORTS_MAC_DESIGNED_FOR_IPHONE_IPAD = NO;
				SUPPORTS_XR_DESIGNED_FOR_IPHONE_IPAD = NO;
				SWIFT_APPROACHABLE_CONCURRENCY = YES;
				SWIFT_DEFAULT_ACTOR_ISOLATION = MainActor;
				SWIFT_EMIT_LOC_STRINGS = YES;
				SWIFT_UPCOMING_FEATURE_MEMBER_IMPORT_VISIBILITY = YES;
				SWIFT_VERSION = 5.0;
				TARGETED_DEVICE_FAMILY = 1;
			};
			name = Debug;
		};
		573C0CF92EAAAE04001FC773 /* Release */ = {
			isa = XCBuildConfiguration;
			buildSettings = {
				ASSETCATALOG_COMPILER_APPICON_NAME = AppIcon;
				ASSETCATALOG_COMPILER_GLOBAL_ACCENT_COLOR_NAME = AccentColor;
				CODE_SIGN_STYLE = Automatic;
				CURRENT_PROJECT_VERSION = 1;
				ENABLE_PREVIEWS = YES;
				GENERATE_INFOPLIST_FILE = YES;
				INFOPLIST_FILE = RickAndMortyTechTest/Info.plist;
				INFOPLIST_KEY_CFBundleDisplayName = Ramapi;
				INFOPLIST_KEY_LSApplicationCategoryType = "public.app-category.entertainment";
				INFOPLIST_KEY_UIApplicationSceneManifest_Generation = YES;
				INFOPLIST_KEY_UIApplicationSupportsIndirectInputEvents = YES;
				INFOPLIST_KEY_UILaunchScreen_Generation = YES;
				INFOPLIST_KEY_UISupportedInterfaceOrientations = UIInterfaceOrientationPortrait;
				INFOPLIST_KEY_UISupportedInterfaceOrientations_iPad = "UIInterfaceOrientationLandscapeLeft UIInterfaceOrientationLandscapeRight UIInterfaceOrientationPortrait UIInterfaceOrientationPortraitUpsideDown";
				IPHONEOS_DEPLOYMENT_TARGET = 17.6;
				LD_RUNPATH_SEARCH_PATHS = (
					"$(inherited)",
					"@executable_path/Frameworks",
				);
				MARKETING_VERSION = 1.0;
				PRODUCT_BUNDLE_IDENTIFIER = com.mx.juandigarcia.RickAndMortyTechTest;
				PRODUCT_NAME = "$(TARGET_NAME)";
				STRING_CATALOG_GENERATE_SYMBOLS = YES;
				SUPPORTED_PLATFORMS = "iphoneos iphonesimulator";
				SUPPORTS_MACCATALYST = NO;
				SUPPORTS_MAC_DESIGNED_FOR_IPHONE_IPAD = NO;
				SUPPORTS_XR_DESIGNED_FOR_IPHONE_IPAD = NO;
				SWIFT_APPROACHABLE_CONCURRENCY = YES;
				SWIFT_DEFAULT_ACTOR_ISOLATION = MainActor;
				SWIFT_EMIT_LOC_STRINGS = YES;
				SWIFT_UPCOMING_FEATURE_MEMBER_IMPORT_VISIBILITY = YES;
				SWIFT_VERSION = 5.0;
				TARGETED_DEVICE_FAMILY = 1;
			};
			name = Release;
		};
		573C0CFB2EAAAE04001FC773 /* Debug */ = {
			isa = XCBuildConfiguration;
			buildSettings = {
				BUNDLE_LOADER = "$(TEST_HOST)";
				CODE_SIGN_STYLE = Automatic;
				CURRENT_PROJECT_VERSION = 1;
				GENERATE_INFOPLIST_FILE = YES;
				IPHONEOS_DEPLOYMENT_TARGET = 26.0;
				MARKETING_VERSION = 1.0;
				PRODUCT_BUNDLE_IDENTIFIER = com.mx.juandigarcia.RickAndMortyTechTestTests;
				PRODUCT_NAME = "$(TARGET_NAME)";
				STRING_CATALOG_GENERATE_SYMBOLS = NO;
				SWIFT_APPROACHABLE_CONCURRENCY = YES;
				SWIFT_EMIT_LOC_STRINGS = NO;
				SWIFT_UPCOMING_FEATURE_MEMBER_IMPORT_VISIBILITY = YES;
				SWIFT_VERSION = 5.0;
				TARGETED_DEVICE_FAMILY = "1,2";
				TEST_HOST = "$(BUILT_PRODUCTS_DIR)/RickAndMortyTechTest.app/$(BUNDLE_EXECUTABLE_FOLDER_PATH)/RickAndMortyTechTest";
			};
			name = Debug;
		};
		573C0CFC2EAAAE04001FC773 /* Release */ = {
			isa = XCBuildConfiguration;
			buildSettings = {
				BUNDLE_LOADER = "$(TEST_HOST)";
				CODE_SIGN_STYLE = Automatic;
				CURRENT_PROJECT_VERSION = 1;
				GENERATE_INFOPLIST_FILE = YES;
				IPHONEOS_DEPLOYMENT_TARGET = 26.0;
				MARKETING_VERSION = 1.0;
				PRODUCT_BUNDLE_IDENTIFIER = com.mx.juandigarcia.RickAndMortyTechTestTests;
				PRODUCT_NAME = "$(TARGET_NAME)";
				STRING_CATALOG_GENERATE_SYMBOLS = NO;
				SWIFT_APPROACHABLE_CONCURRENCY = YES;
				SWIFT_EMIT_LOC_STRINGS = NO;
				SWIFT_UPCOMING_FEATURE_MEMBER_IMPORT_VISIBILITY = YES;
				SWIFT_VERSION = 5.0;
				TARGETED_DEVICE_FAMILY = "1,2";
				TEST_HOST = "$(BUILT_PRODUCTS_DIR)/RickAndMortyTechTest.app/$(BUNDLE_EXECUTABLE_FOLDER_PATH)/RickAndMortyTechTest";
			};
			name = Release;
		};
		573C0CFE2EAAAE04001FC773 /* Debug */ = {
			isa = XCBuildConfiguration;
			buildSettings = {
				CODE_SIGN_STYLE = Automatic;
				CURRENT_PROJECT_VERSION = 1;
				GENERATE_INFOPLIST_FILE = YES;
				MARKETING_VERSION = 1.0;
				PRODUCT_BUNDLE_IDENTIFIER = com.mx.juandigarcia.RickAndMortyTechTestUITests;
				PRODUCT_NAME = "$(TARGET_NAME)";
				STRING_CATALOG_GENERATE_SYMBOLS = NO;
				SWIFT_APPROACHABLE_CONCURRENCY = YES;
				SWIFT_EMIT_LOC_STRINGS = NO;
				SWIFT_UPCOMING_FEATURE_MEMBER_IMPORT_VISIBILITY = YES;
				SWIFT_VERSION = 5.0;
				TARGETED_DEVICE_FAMILY = "1,2";
				TEST_TARGET_NAME = RickAndMortyTechTest;
			};
			name = Debug;
		};
		573C0CFF2EAAAE04001FC773 /* Release */ = {
			isa = XCBuildConfiguration;
			buildSettings = {
				CODE_SIGN_STYLE = Automatic;
				CURRENT_PROJECT_VERSION = 1;
				GENERATE_INFOPLIST_FILE = YES;
				MARKETING_VERSION = 1.0;
				PRODUCT_BUNDLE_IDENTIFIER = com.mx.juandigarcia.RickAndMortyTechTestUITests;
				PRODUCT_NAME = "$(TARGET_NAME)";
				STRING_CATALOG_GENERATE_SYMBOLS = NO;
				SWIFT_APPROACHABLE_CONCURRENCY = YES;
				SWIFT_EMIT_LOC_STRINGS = NO;
				SWIFT_UPCOMING_FEATURE_MEMBER_IMPORT_VISIBILITY = YES;
				SWIFT_VERSION = 5.0;
				TARGETED_DEVICE_FAMILY = "1,2";
				TEST_TARGET_NAME = RickAndMortyTechTest;
			};
			name = Release;
		};
/* End XCBuildConfiguration section */

/* Begin XCConfigurationList section */
		573C0CD12EAAAE01001FC773 /* Build configuration list for PBXProject "RickAndMortyTechTest" */ = {
			isa = XCConfigurationList;
			buildConfigurations = (
				573C0CF52EAAAE04001FC773 /* Debug */,
				573C0CF62EAAAE04001FC773 /* Release */,
			);
			defaultConfigurationIsVisible = 0;
			defaultConfigurationName = Release;
		};
		573C0CF72EAAAE04001FC773 /* Build configuration list for PBXNativeTarget "RickAndMortyTechTest" */ = {
			isa = XCConfigurationList;
			buildConfigurations = (
				573C0CF82EAAAE04001FC773 /* Debug */,
				573C0CF92EAAAE04001FC773 /* Release */,
			);
			defaultConfigurationIsVisible = 0;
			defaultConfigurationName = Release;
		};
		573C0CFA2EAAAE04001FC773 /* Build configuration list for PBXNativeTarget "RickAndMortyTechTestTests" */ = {
			isa = XCConfigurationList;
			buildConfigurations = (
				573C0CFB2EAAAE04001FC773 /* Debug */,
				573C0CFC2EAAAE04001FC773 /* Release */,
			);
			defaultConfigurationIsVisible = 0;
			defaultConfigurationName = Release;
		};
		573C0CFD2EAAAE04001FC773 /* Build configuration list for PBXNativeTarget "RickAndMortyTechTestUITests" */ = {
			isa = XCConfigurationList;
			buildConfigurations = (
				573C0CFE2EAAAE04001FC773 /* Debug */,
				573C0CFF2EAAAE04001FC773 /* Release */,
			);
			defaultConfigurationIsVisible = 0;
			defaultConfigurationName = Release;
		};
/* End XCConfigurationList section */

/* Begin XCRemoteSwiftPackageReference section */
		575D0E012EAABB9A00E15142 /* XCRemoteSwiftPackageReference "Alamofire" */ = {
			isa = XCRemoteSwiftPackageReference;
			repositoryURL = "https://github.com/Alamofire/Alamofire.git";
			requirement = {
				kind = upToNextMajorVersion;
				minimumVersion = 5.10.2;
			};
		};
/* End XCRemoteSwiftPackageReference section */

/* Begin XCSwiftPackageProductDependency section */
		575D0E022EAABB9A00E15142 /* Alamofire */ = {
			isa = XCSwiftPackageProductDependency;
			package = 575D0E012EAABB9A00E15142 /* XCRemoteSwiftPackageReference "Alamofire" */;
			productName = Alamofire;
		};
/* End XCSwiftPackageProductDependency section */

/* Begin XCVersionGroup section */
		57EFD5CD2EAEA68100B8F65A /* CharacterModel.xcdatamodeld */ = {
			isa = XCVersionGroup;
			children = (
				57EFD5CE2EAEA68100B8F65A /* CharacterModel.xcdatamodel */,
			);
			currentVersion = 57EFD5CE2EAEA68100B8F65A /* CharacterModel.xcdatamodel */;
			path = CharacterModel.xcdatamodeld;
			sourceTree = "<group>";
			versionGroupType = wrapper.xcdatamodel;
		};
/* End XCVersionGroup section */
	};
	rootObject = 573C0CCE2EAAAE01001FC773 /* Project object */;
}
